
Microsoft Visual Studio Solution File, Format Version 12.00
# Visual Studio Version 17
VisualStudioVersion = 17.10.35027.167
MinimumVisualStudioVersion = 10.0.40219.1
Project("{2150E333-8FDC-42A3-9474-1A3956D46DE8}") = "ApiGateways", "ApiGateways", "{12590A8D-C205-44F4-AE6A-73A392BA03EC}"
EndProject
Project("{2150E333-8FDC-42A3-9474-1A3956D46DE8}") = "Services", "Services", "{AC8A8DE3-2B90-462F-BFD9-606B2C583500}"
EndProject
Project("{2150E333-8FDC-42A3-9474-1A3956D46DE8}") = "WebApps", "WebApps", "{9A52A8D1-9473-448D-91CF-897A33126769}"
EndProject
Project("{2150E333-8FDC-42A3-9474-1A3956D46DE8}") = "BuildingBlocks", "BuildingBlocks", "{7934EEF6-ED05-4CAB-A89D-0F938F567BCB}"
EndProject
Project("{9A19103F-16F7-4668-BE54-9A1E7A4F7556}") = "BuildingBlocks", "src\BuidingBlocks\BuildingBlocks\BuildingBlocks.csproj", "{4DC4A015-3E53-4AE2-A8C6-3DC777F677D3}"
EndProject
Project("{9A19103F-16F7-4668-BE54-9A1E7A4F7556}") = "BuildingBlocks.Messaging", "src\BuidingBlocks\BuildingBlocks.Messaging\BuildingBlocks.Messaging.csproj", "{763FF021-6962-4AEA-8428-2E0A4B1D2144}"
EndProject
Project("{9A19103F-16F7-4668-BE54-9A1E7A4F7556}") = "YarpApiGateway", "src\ApiGateways\YarpApiGateway\YarpApiGateway.csproj", "{56256872-ED8D-49FC-928C-3DA3DEE24917}"
EndProject
Project("{2150E333-8FDC-42A3-9474-1A3956D46DE8}") = "Basket", "Basket", "{CCBCFBE3-6AB0-4A88-B0AE-D655147A26AA}"
EndProject
Project("{2150E333-8FDC-42A3-9474-1A3956D46DE8}") = "Catalog", "Catalog", "{18E1623F-2A16-451C-913B-F6360CFFA1F4}"
EndProject
Project("{2150E333-8FDC-42A3-9474-1A3956D46DE8}") = "Discount", "Discount", "{9D1CB5A6-1902-455E-8191-E059C14D2A0B}"
EndProject
Project("{2150E333-8FDC-42A3-9474-1A3956D46DE8}") = "Ordering", "Ordering", "{2DDAE8F4-2786-4D67-B3BD-E3DC4120F70A}"
EndProject
Project("{9A19103F-16F7-4668-BE54-9A1E7A4F7556}") = "Basket.Api", "src\Services\Basket\Basket.Api\Basket.Api.csproj", "{B7BAC363-7B79-4E66-8BD0-826A9A71F6D4}"
EndProject
Project("{9A19103F-16F7-4668-BE54-9A1E7A4F7556}") = "Catalog.API", "src\Services\Catalog\Catalog.API\Catalog.API.csproj", "{60E30C18-1430-4D20-9B22-4CA1EE6D475F}"
EndProject
Project("{E53339B2-1760-4266-BCC7-CA923CBCF16C}") = "docker-compose", "docker-compose.dcproj", "{FC1CD457-4C05-4A53-9A79-59746FC29429}"
EndProject
Project("{9A19103F-16F7-4668-BE54-9A1E7A4F7556}") = "Discount.Grpc", "src\Services\Discount\Discount.Grpc\Discount.Grpc.csproj", "{85C601B1-53D8-4A0D-8E71-43C6A4BA49CB}"
EndProject
Project("{9A19103F-16F7-4668-BE54-9A1E7A4F7556}") = "Ordering.API", "src\Services\Ordering\Ordering.API\Ordering.API.csproj", "{F0016421-A783-4A3B-81CC-FC2319722343}"
EndProject
Project("{9A19103F-16F7-4668-BE54-9A1E7A4F7556}") = "Ordering.Application", "src\Services\Ordering\Ordering.Application\Ordering.Application.csproj", "{688D2F7F-4877-4D7C-9B1F-43E0B1D08E57}"
EndProject
Project("{9A19103F-16F7-4668-BE54-9A1E7A4F7556}") = "Ordering.Domain", "src\Services\Ordering\Ordering.Domain\Ordering.Domain.csproj", "{580250E3-DC69-41E5-920C-747A2FAB58ED}"
EndProject
Project("{9A19103F-16F7-4668-BE54-9A1E7A4F7556}") = "Ordering.Infrastructure", "src\Services\Ordering\Ordering.Infrastructure\Ordering.Infrastructure.csproj", "{6899F7E7-81BF-4521-9E04-7437C921FCC1}"
EndProject
Project("{FAE04EC0-301F-11D3-BF4B-00C04F79EFBC}") = "Shopping.Web", "src\WebApps\Shopping.Web\Shopping.Web.csproj", "{BC1F480C-F5ED-4176-8D32-A028FA148505}"
EndProject
Global
	GlobalSection(SolutionConfigurationPlatforms) = preSolution
		Debug|Any CPU = Debug|Any CPU
		Release|Any CPU = Release|Any CPU
	EndGlobalSection
	GlobalSection(ProjectConfigurationPlatforms) = postSolution
		{4DC4A015-3E53-4AE2-A8C6-3DC777F677D3}.Debug|Any CPU.ActiveCfg = Debug|Any CPU
		{4DC4A015-3E53-4AE2-A8C6-3DC777F677D3}.Debug|Any CPU.Build.0 = Debug|Any CPU
		{4DC4A015-3E53-4AE2-A8C6-3DC777F677D3}.Release|Any CPU.ActiveCfg = Release|Any CPU
		{4DC4A015-3E53-4AE2-A8C6-3DC777F677D3}.Release|Any CPU.Build.0 = Release|Any CPU
		{763FF021-6962-4AEA-8428-2E0A4B1D2144}.Debug|Any CPU.ActiveCfg = Debug|Any CPU
		{763FF021-6962-4AEA-8428-2E0A4B1D2144}.Debug|Any CPU.Build.0 = Debug|Any CPU
		{763FF021-6962-4AEA-8428-2E0A4B1D2144}.Release|Any CPU.ActiveCfg = Release|Any CPU
		{763FF021-6962-4AEA-8428-2E0A4B1D2144}.Release|Any CPU.Build.0 = Release|Any CPU
		{56256872-ED8D-49FC-928C-3DA3DEE24917}.Debug|Any CPU.ActiveCfg = Debug|Any CPU
		{56256872-ED8D-49FC-928C-3DA3DEE24917}.Debug|Any CPU.Build.0 = Debug|Any CPU
		{56256872-ED8D-49FC-928C-3DA3DEE24917}.Release|Any CPU.ActiveCfg = Release|Any CPU
		{56256872-ED8D-49FC-928C-3DA3DEE24917}.Release|Any CPU.Build.0 = Release|Any CPU
		{B7BAC363-7B79-4E66-8BD0-826A9A71F6D4}.Debug|Any CPU.ActiveCfg = Debug|Any CPU
		{B7BAC363-7B79-4E66-8BD0-826A9A71F6D4}.Debug|Any CPU.Build.0 = Debug|Any CPU
		{B7BAC363-7B79-4E66-8BD0-826A9A71F6D4}.Release|Any CPU.ActiveCfg = Release|Any CPU
		{B7BAC363-7B79-4E66-8BD0-826A9A71F6D4}.Release|Any CPU.Build.0 = Release|Any CPU
		{60E30C18-1430-4D20-9B22-4CA1EE6D475F}.Debug|Any CPU.ActiveCfg = Debug|Any CPU
		{60E30C18-1430-4D20-9B22-4CA1EE6D475F}.Debug|Any CPU.Build.0 = Debug|Any CPU
		{60E30C18-1430-4D20-9B22-4CA1EE6D475F}.Release|Any CPU.ActiveCfg = Release|Any CPU
		{60E30C18-1430-4D20-9B22-4CA1EE6D475F}.Release|Any CPU.Build.0 = Release|Any CPU
		{FC1CD457-4C05-4A53-9A79-59746FC29429}.Debug|Any CPU.ActiveCfg = Debug|Any CPU
		{FC1CD457-4C05-4A53-9A79-59746FC29429}.Debug|Any CPU.Build.0 = Debug|Any CPU
		{FC1CD457-4C05-4A53-9A79-59746FC29429}.Release|Any CPU.ActiveCfg = Release|Any CPU
		{FC1CD457-4C05-4A53-9A79-59746FC29429}.Release|Any CPU.Build.0 = Release|Any CPU
		{85C601B1-53D8-4A0D-8E71-43C6A4BA49CB}.Debug|Any CPU.ActiveCfg = Debug|Any CPU
		{85C601B1-53D8-4A0D-8E71-43C6A4BA49CB}.Debug|Any CPU.Build.0 = Debug|Any CPU
		{85C601B1-53D8-4A0D-8E71-43C6A4BA49CB}.Release|Any CPU.ActiveCfg = Release|Any CPU
		{85C601B1-53D8-4A0D-8E71-43C6A4BA49CB}.Release|Any CPU.Build.0 = Release|Any CPU
		{F0016421-A783-4A3B-81CC-FC2319722343}.Debug|Any CPU.ActiveCfg = Debug|Any CPU
		{F0016421-A783-4A3B-81CC-FC2319722343}.Debug|Any CPU.Build.0 = Debug|Any CPU
		{F0016421-A783-4A3B-81CC-FC2319722343}.Release|Any CPU.ActiveCfg = Release|Any CPU
		{F0016421-A783-4A3B-81CC-FC2319722343}.Release|Any CPU.Build.0 = Release|Any CPU
		{688D2F7F-4877-4D7C-9B1F-43E0B1D08E57}.Debug|Any CPU.ActiveCfg = Debug|Any CPU
		{688D2F7F-4877-4D7C-9B1F-43E0B1D08E57}.Debug|Any CPU.Build.0 = Debug|Any CPU
		{688D2F7F-4877-4D7C-9B1F-43E0B1D08E57}.Release|Any CPU.ActiveCfg = Release|Any CPU
		{688D2F7F-4877-4D7C-9B1F-43E0B1D08E57}.Release|Any CPU.Build.0 = Release|Any CPU
		{580250E3-DC69-41E5-920C-747A2FAB58ED}.Debug|Any CPU.ActiveCfg = Debug|Any CPU
		{580250E3-DC69-41E5-920C-747A2FAB58ED}.Debug|Any CPU.Build.0 = Debug|Any CPU
		{580250E3-DC69-41E5-920C-747A2FAB58ED}.Release|Any CPU.ActiveCfg = Release|Any CPU
		{580250E3-DC69-41E5-920C-747A2FAB58ED}.Release|Any CPU.Build.0 = Release|Any CPU
		{6899F7E7-81BF-4521-9E04-7437C921FCC1}.Debug|Any CPU.ActiveCfg = Debug|Any CPU
		{6899F7E7-81BF-4521-9E04-7437C921FCC1}.Debug|Any CPU.Build.0 = Debug|Any CPU
		{6899F7E7-81BF-4521-9E04-7437C921FCC1}.Release|Any CPU.ActiveCfg = Release|Any CPU
		{6899F7E7-81BF-4521-9E04-7437C921FCC1}.Release|Any CPU.Build.0 = Release|Any CPU
		{BC1F480C-F5ED-4176-8D32-A028FA148505}.Debug|Any CPU.ActiveCfg = Debug|Any CPU
		{BC1F480C-F5ED-4176-8D32-A028FA148505}.Debug|Any CPU.Build.0 = Debug|Any CPU
		{BC1F480C-F5ED-4176-8D32-A028FA148505}.Release|Any CPU.ActiveCfg = Release|Any CPU
		{BC1F480C-F5ED-4176-8D32-A028FA148505}.Release|Any CPU.Build.0 = Release|Any CPU
	EndGlobalSection
	GlobalSection(SolutionProperties) = preSolution
		HideSolutionNode = FALSE
	EndGlobalSection
	GlobalSection(NestedProjects) = preSolution
		{4DC4A015-3E53-4AE2-A8C6-3DC777F677D3} = {7934EEF6-ED05-4CAB-A89D-0F938F567BCB}
		{763FF021-6962-4AEA-8428-2E0A4B1D2144} = {7934EEF6-ED05-4CAB-A89D-0F938F567BCB}
		{56256872-ED8D-49FC-928C-3DA3DEE24917} = {12590A8D-C205-44F4-AE6A-73A392BA03EC}
		{CCBCFBE3-6AB0-4A88-B0AE-D655147A26AA} = {AC8A8DE3-2B90-462F-BFD9-606B2C583500}
		{18E1623F-2A16-451C-913B-F6360CFFA1F4} = {AC8A8DE3-2B90-462F-BFD9-606B2C583500}
		{9D1CB5A6-1902-455E-8191-E059C14D2A0B} = {AC8A8DE3-2B90-462F-BFD9-606B2C583500}
		{2DDAE8F4-2786-4D67-B3BD-E3DC4120F70A} = {AC8A8DE3-2B90-462F-BFD9-606B2C583500}
		{B7BAC363-7B79-4E66-8BD0-826A9A71F6D4} = {CCBCFBE3-6AB0-4A88-B0AE-D655147A26AA}
		{60E30C18-1430-4D20-9B22-4CA1EE6D475F} = {18E1623F-2A16-451C-913B-F6360CFFA1F4}
		{85C601B1-53D8-4A0D-8E71-43C6A4BA49CB} = {9D1CB5A6-1902-455E-8191-E059C14D2A0B}
		{F0016421-A783-4A3B-81CC-FC2319722343} = {2DDAE8F4-2786-4D67-B3BD-E3DC4120F70A}
		{688D2F7F-4877-4D7C-9B1F-43E0B1D08E57} = {2DDAE8F4-2786-4D67-B3BD-E3DC4120F70A}
		{580250E3-DC69-41E5-920C-747A2FAB58ED} = {2DDAE8F4-2786-4D67-B3BD-E3DC4120F70A}
		{6899F7E7-81BF-4521-9E04-7437C921FCC1} = {2DDAE8F4-2786-4D67-B3BD-E3DC4120F70A}
		{BC1F480C-F5ED-4176-8D32-A028FA148505} = {9A52A8D1-9473-448D-91CF-897A33126769}
	EndGlobalSection
	GlobalSection(ExtensibilityGlobals) = postSolution
		SolutionGuid = {A5D7D9D5-8887-401F-8869-B361322F5472}
	EndGlobalSection
EndGlobal
